// !$*UTF8*$!
{
	archiveVersion = 1;
	classes = {
	};
	objectVersion = 56;
	objects = {

/* Begin PBXBuildFile section */
		421FF3572C98AC190003B167 /* MainTabView.swift in Sources */ = {isa = PBXBuildFile; fileRef = 421FF3562C98AC190003B167 /* MainTabView.swift */; };
		421FF35C2C98AE4C0003B167 /* SettingsView.swift in Sources */ = {isa = PBXBuildFile; fileRef = 421FF35B2C98AE4B0003B167 /* SettingsView.swift */; };
		421FF35E2C98AE610003B167 /* ChannelsView.swift in Sources */ = {isa = PBXBuildFile; fileRef = 421FF35D2C98AE610003B167 /* ChannelsView.swift */; };
		421FF3612C98AEC50003B167 /* ChatView.swift in Sources */ = {isa = PBXBuildFile; fileRef = 421FF3602C98AEC50003B167 /* ChatView.swift */; };
		421FF3642C98AF610003B167 /* ConversationView.swift in Sources */ = {isa = PBXBuildFile; fileRef = 421FF3632C98AF610003B167 /* ConversationView.swift */; };
		421FF3672C98BDC40003B167 /* SettingsHeaderView.swift in Sources */ = {isa = PBXBuildFile; fileRef = 421FF3662C98BDC40003B167 /* SettingsHeaderView.swift */; };
		421FF36A2C98BF420003B167 /* SettingsCell.swift in Sources */ = {isa = PBXBuildFile; fileRef = 421FF3692C98BF420003B167 /* SettingsCell.swift */; };
		421FF36D2C98C32B0003B167 /* SettingsCellViewModel.swift in Sources */ = {isa = PBXBuildFile; fileRef = 421FF36C2C98C32B0003B167 /* SettingsCellViewModel.swift */; };
		421FF3732C9B36300003B167 /* EditProfileView.swift in Sources */ = {isa = PBXBuildFile; fileRef = 421FF3722C9B36300003B167 /* EditProfileView.swift */; };
		4233BFC02CD830BC008FAAC7 /* UserCell.swift in Sources */ = {isa = PBXBuildFile; fileRef = 4233BFBF2CD830BC008FAAC7 /* UserCell.swift */; };
		4233BFC22CD923E1008FAAC7 /* SearchBar.swift in Sources */ = {isa = PBXBuildFile; fileRef = 4233BFC12CD923E1008FAAC7 /* SearchBar.swift */; };
		4233BFC42CD927B2008FAAC7 /* Extensions.swift in Sources */ = {isa = PBXBuildFile; fileRef = 4233BFC32CD927B1008FAAC7 /* Extensions.swift */; };
		4233BFCA2CD92A4A008FAAC7 /* ChatBubble.swift in Sources */ = {isa = PBXBuildFile; fileRef = 4233BFC92CD92A4A008FAAC7 /* ChatBubble.swift */; };
		4233BFCC2CD92BB1008FAAC7 /* MessageVIew.swift in Sources */ = {isa = PBXBuildFile; fileRef = 4233BFCB2CD92BB1008FAAC7 /* MessageVIew.swift */; };
		424CA0E62C9899D4001B8926 /* CustomTextField.swift in Sources */ = {isa = PBXBuildFile; fileRef = 424CA0E52C9899D4001B8926 /* CustomTextField.swift */; };
		424CA0EA2C989EC6001B8926 /* Localizable.strings in Resources */ = {isa = PBXBuildFile; fileRef = 424CA0E82C989EC6001B8926 /* Localizable.strings */; };
		424CA0EC2C989F0F001B8926 /* Localizable.swift in Sources */ = {isa = PBXBuildFile; fileRef = 424CA0EB2C989F0F001B8926 /* Localizable.swift */; };
		426B0CB02CB30FF0004AD044 /* StatusSelectorView.swift in Sources */ = {isa = PBXBuildFile; fileRef = 426B0CAF2CB30FF0004AD044 /* StatusSelectorView.swift */; };
		426B0CB22CB59A4E004AD044 /* UserStatus.swift in Sources */ = {isa = PBXBuildFile; fileRef = 426B0CB12CB59A4E004AD044 /* UserStatus.swift */; };
		426B0CB42CB5DF20004AD044 /* StatusViewModel.swift in Sources */ = {isa = PBXBuildFile; fileRef = 426B0CB32CB5DF20004AD044 /* StatusViewModel.swift */; };
		426B0CB92CB5E0A6004AD044 /* ImagePicker.swift in Sources */ = {isa = PBXBuildFile; fileRef = 426B0CB82CB5E0A6004AD044 /* ImagePicker.swift */; };
		426D490E2CBC6C7700B5D3D4 /* ConversationCell.swift in Sources */ = {isa = PBXBuildFile; fileRef = 426D490D2CBC6C7700B5D3D4 /* ConversationCell.swift */; };
		426D49102CBC710B00B5D3D4 /* NewMessageView.swift in Sources */ = {isa = PBXBuildFile; fileRef = 426D490F2CBC710B00B5D3D4 /* NewMessageView.swift */; };
		42F5BF742C9396A600DBFFBD /* WhatsAppCloneApp.swift in Sources */ = {isa = PBXBuildFile; fileRef = 42F5BF732C9396A600DBFFBD /* WhatsAppCloneApp.swift */; };
		42F5BF762C9396A600DBFFBD /* ContentView.swift in Sources */ = {isa = PBXBuildFile; fileRef = 42F5BF752C9396A600DBFFBD /* ContentView.swift */; };
		42F5BF782C9396A900DBFFBD /* Assets.xcassets in Resources */ = {isa = PBXBuildFile; fileRef = 42F5BF772C9396A900DBFFBD /* Assets.xcassets */; };
		42F5BF7B2C9396A900DBFFBD /* Preview Assets.xcassets in Resources */ = {isa = PBXBuildFile; fileRef = 42F5BF7A2C9396A900DBFFBD /* Preview Assets.xcassets */; };
		42F5BF8F2C93991500DBFFBD /* RegisterView.swift in Sources */ = {isa = PBXBuildFile; fileRef = 42F5BF8E2C93991500DBFFBD /* RegisterView.swift */; };
		42F5BF912C93992300DBFFBD /* LoginView.swift in Sources */ = {isa = PBXBuildFile; fileRef = 42F5BF902C93992300DBFFBD /* LoginView.swift */; };
/* End PBXBuildFile section */

/* Begin PBXFileReference section */
		421FF3562C98AC190003B167 /* MainTabView.swift */ = {isa = PBXFileReference; lastKnownFileType = sourcecode.swift; path = MainTabView.swift; sourceTree = "<group>"; };
		421FF35B2C98AE4B0003B167 /* SettingsView.swift */ = {isa = PBXFileReference; lastKnownFileType = sourcecode.swift; path = SettingsView.swift; sourceTree = "<group>"; };
		421FF35D2C98AE610003B167 /* ChannelsView.swift */ = {isa = PBXFileReference; lastKnownFileType = sourcecode.swift; path = ChannelsView.swift; sourceTree = "<group>"; };
		421FF3602C98AEC50003B167 /* ChatView.swift */ = {isa = PBXFileReference; lastKnownFileType = sourcecode.swift; path = ChatView.swift; sourceTree = "<group>"; };
		421FF3632C98AF610003B167 /* ConversationView.swift */ = {isa = PBXFileReference; lastKnownFileType = sourcecode.swift; path = ConversationView.swift; sourceTree = "<group>"; };
		421FF3662C98BDC40003B167 /* SettingsHeaderView.swift */ = {isa = PBXFileReference; lastKnownFileType = sourcecode.swift; path = SettingsHeaderView.swift; sourceTree = "<group>"; };
		421FF3692C98BF420003B167 /* SettingsCell.swift */ = {isa = PBXFileReference; lastKnownFileType = sourcecode.swift; path = SettingsCell.swift; sourceTree = "<group>"; };
		421FF36C2C98C32B0003B167 /* SettingsCellViewModel.swift */ = {isa = PBXFileReference; lastKnownFileType = sourcecode.swift; path = SettingsCellViewModel.swift; sourceTree = "<group>"; };
		421FF3722C9B36300003B167 /* EditProfileView.swift */ = {isa = PBXFileReference; lastKnownFileType = sourcecode.swift; path = EditProfileView.swift; sourceTree = "<group>"; };
		4233BFBF2CD830BC008FAAC7 /* UserCell.swift */ = {isa = PBXFileReference; lastKnownFileType = sourcecode.swift; path = UserCell.swift; sourceTree = "<group>"; };
		4233BFC12CD923E1008FAAC7 /* SearchBar.swift */ = {isa = PBXFileReference; lastKnownFileType = sourcecode.swift; path = SearchBar.swift; sourceTree = "<group>"; };
		4233BFC32CD927B1008FAAC7 /* Extensions.swift */ = {isa = PBXFileReference; lastKnownFileType = sourcecode.swift; path = Extensions.swift; sourceTree = "<group>"; };
		4233BFC92CD92A4A008FAAC7 /* ChatBubble.swift */ = {isa = PBXFileReference; lastKnownFileType = sourcecode.swift; path = ChatBubble.swift; sourceTree = "<group>"; };
		4233BFCB2CD92BB1008FAAC7 /* MessageVIew.swift */ = {isa = PBXFileReference; lastKnownFileType = sourcecode.swift; path = MessageVIew.swift; sourceTree = "<group>"; };
		424CA0E52C9899D4001B8926 /* CustomTextField.swift */ = {isa = PBXFileReference; lastKnownFileType = sourcecode.swift; path = CustomTextField.swift; sourceTree = "<group>"; };
		424CA0E92C989EC6001B8926 /* en */ = {isa = PBXFileReference; lastKnownFileType = text.plist.strings; name = en; path = en.lproj/Localizable.strings; sourceTree = "<group>"; };
		424CA0EB2C989F0F001B8926 /* Localizable.swift */ = {isa = PBXFileReference; lastKnownFileType = sourcecode.swift; path = Localizable.swift; sourceTree = "<group>"; };
		426B0CAF2CB30FF0004AD044 /* StatusSelectorView.swift */ = {isa = PBXFileReference; lastKnownFileType = sourcecode.swift; path = StatusSelectorView.swift; sourceTree = "<group>"; };
		426B0CB12CB59A4E004AD044 /* UserStatus.swift */ = {isa = PBXFileReference; lastKnownFileType = sourcecode.swift; path = UserStatus.swift; sourceTree = "<group>"; };
		426B0CB32CB5DF20004AD044 /* StatusViewModel.swift */ = {isa = PBXFileReference; lastKnownFileType = sourcecode.swift; path = StatusViewModel.swift; sourceTree = "<group>"; };
		426B0CB82CB5E0A6004AD044 /* ImagePicker.swift */ = {isa = PBXFileReference; lastKnownFileType = sourcecode.swift; path = ImagePicker.swift; sourceTree = "<group>"; };
		426D490D2CBC6C7700B5D3D4 /* ConversationCell.swift */ = {isa = PBXFileReference; lastKnownFileType = sourcecode.swift; path = ConversationCell.swift; sourceTree = "<group>"; };
		426D490F2CBC710B00B5D3D4 /* NewMessageView.swift */ = {isa = PBXFileReference; lastKnownFileType = sourcecode.swift; path = NewMessageView.swift; sourceTree = "<group>"; };
		42F5BF702C9396A600DBFFBD /* WhatsAppClone.app */ = {isa = PBXFileReference; explicitFileType = wrapper.application; includeInIndex = 0; path = WhatsAppClone.app; sourceTree = BUILT_PRODUCTS_DIR; };
		42F5BF732C9396A600DBFFBD /* WhatsAppCloneApp.swift */ = {isa = PBXFileReference; lastKnownFileType = sourcecode.swift; path = WhatsAppCloneApp.swift; sourceTree = "<group>"; };
		42F5BF752C9396A600DBFFBD /* ContentView.swift */ = {isa = PBXFileReference; lastKnownFileType = sourcecode.swift; path = ContentView.swift; sourceTree = "<group>"; };
		42F5BF772C9396A900DBFFBD /* Assets.xcassets */ = {isa = PBXFileReference; lastKnownFileType = folder.assetcatalog; path = Assets.xcassets; sourceTree = "<group>"; };
		42F5BF7A2C9396A900DBFFBD /* Preview Assets.xcassets */ = {isa = PBXFileReference; lastKnownFileType = folder.assetcatalog; path = "Preview Assets.xcassets"; sourceTree = "<group>"; };
		42F5BF8E2C93991500DBFFBD /* RegisterView.swift */ = {isa = PBXFileReference; lastKnownFileType = sourcecode.swift; path = RegisterView.swift; sourceTree = "<group>"; };
		42F5BF902C93992300DBFFBD /* LoginView.swift */ = {isa = PBXFileReference; lastKnownFileType = sourcecode.swift; path = LoginView.swift; sourceTree = "<group>"; };
/* End PBXFileReference section */

/* Begin PBXFrameworksBuildPhase section */
		42F5BF6D2C9396A600DBFFBD /* Frameworks */ = {
			isa = PBXFrameworksBuildPhase;
			buildActionMask = 2147483647;
			files = (
			);
			runOnlyForDeploymentPostprocessing = 0;
		};
/* End PBXFrameworksBuildPhase section */

/* Begin PBXGroup section */
		421FF3532C98ABD80003B167 /* Main */ = {
			isa = PBXGroup;
			children = (
				421FF3562C98AC190003B167 /* MainTabView.swift */,
			);
			path = Main;
			sourceTree = "<group>";
		};
		421FF3592C98AE3A0003B167 /* Channels */ = {
			isa = PBXGroup;
			children = (
				421FF35D2C98AE610003B167 /* ChannelsView.swift */,
			);
			path = Channels;
			sourceTree = "<group>";
		};
		421FF35A2C98AE3F0003B167 /* Settings */ = {
			isa = PBXGroup;
			children = (
				426B0CAE2CB30FCD004AD044 /* StatusSelector */,
				421FF36F2C9B36070003B167 /* EditProfile */,
				421FF36E2C9B35F20003B167 /* Main */,
			);
			path = Settings;
			sourceTree = "<group>";
		};
		421FF35F2C98AEB90003B167 /* Chat */ = {
			isa = PBXGroup;
			children = (
				421FF3602C98AEC50003B167 /* ChatView.swift */,
				4233BFC92CD92A4A008FAAC7 /* ChatBubble.swift */,
				4233BFCB2CD92BB1008FAAC7 /* MessageVIew.swift */,
			);
			path = Chat;
			sourceTree = "<group>";
		};
		421FF3622C98AF510003B167 /* Conversation */ = {
			isa = PBXGroup;
			children = (
				426D490C2CBC6C6700B5D3D4 /* Cell */,
				421FF3632C98AF610003B167 /* ConversationView.swift */,
				426D490F2CBC710B00B5D3D4 /* NewMessageView.swift */,
			);
			path = Conversation;
			sourceTree = "<group>";
		};
		421FF3652C98BDB40003B167 /* Header */ = {
			isa = PBXGroup;
			children = (
				421FF3662C98BDC40003B167 /* SettingsHeaderView.swift */,
			);
			path = Header;
			sourceTree = "<group>";
		};
		421FF3682C98BF370003B167 /* Cell */ = {
			isa = PBXGroup;
			children = (
				421FF36B2C98C31D0003B167 /* ViewModel */,
				421FF3692C98BF420003B167 /* SettingsCell.swift */,
			);
			path = Cell;
			sourceTree = "<group>";
		};
		421FF36B2C98C31D0003B167 /* ViewModel */ = {
			isa = PBXGroup;
			children = (
				421FF36C2C98C32B0003B167 /* SettingsCellViewModel.swift */,
			);
			path = ViewModel;
			sourceTree = "<group>";
		};
		421FF36E2C9B35F20003B167 /* Main */ = {
			isa = PBXGroup;
			children = (
				421FF35B2C98AE4B0003B167 /* SettingsView.swift */,
				421FF3652C98BDB40003B167 /* Header */,
				421FF3682C98BF370003B167 /* Cell */,
			);
			path = Main;
			sourceTree = "<group>";
		};
		421FF36F2C9B36070003B167 /* EditProfile */ = {
			isa = PBXGroup;
			children = (
				421FF3722C9B36300003B167 /* EditProfileView.swift */,
			);
			path = EditProfile;
			sourceTree = "<group>";
		};
		424CA0E42C9899BF001B8926 /* CustomView */ = {
			isa = PBXGroup;
			children = (
				424CA0E52C9899D4001B8926 /* CustomTextField.swift */,
			);
			path = CustomView;
			sourceTree = "<group>";
		};
		424CA0E72C989EB0001B8926 /* Localizable */ = {
			isa = PBXGroup;
			children = (
				424CA0E82C989EC6001B8926 /* Localizable.strings */,
				424CA0EB2C989F0F001B8926 /* Localizable.swift */,
			);
			path = Localizable;
			sourceTree = "<group>";
		};
		426B0CAE2CB30FCD004AD044 /* StatusSelector */ = {
			isa = PBXGroup;
			children = (
				426B0CB72CB5DF4B004AD044 /* Model */,
				426B0CB62CB5DF44004AD044 /* View */,
				426B0CB52CB5DF3B004AD044 /* ViewModel */,
			);
			path = StatusSelector;
			sourceTree = "<group>";
		};
		426B0CB52CB5DF3B004AD044 /* ViewModel */ = {
			isa = PBXGroup;
			children = (
				426B0CB32CB5DF20004AD044 /* StatusViewModel.swift */,
			);
			path = ViewModel;
			sourceTree = "<group>";
		};
		426B0CB62CB5DF44004AD044 /* View */ = {
			isa = PBXGroup;
			children = (
				426B0CAF2CB30FF0004AD044 /* StatusSelectorView.swift */,
			);
			path = View;
			sourceTree = "<group>";
		};
		426B0CB72CB5DF4B004AD044 /* Model */ = {
			isa = PBXGroup;
			children = (
				426B0CB12CB59A4E004AD044 /* UserStatus.swift */,
			);
			path = Model;
			sourceTree = "<group>";
		};
		426D490C2CBC6C6700B5D3D4 /* Cell */ = {
			isa = PBXGroup;
			children = (
				4233BFBF2CD830BC008FAAC7 /* UserCell.swift */,
				426D490D2CBC6C7700B5D3D4 /* ConversationCell.swift */,
			);
			path = Cell;
			sourceTree = "<group>";
		};
		42F5BF672C9396A600DBFFBD = {
			isa = PBXGroup;
			children = (
				42F5BF722C9396A600DBFFBD /* WhatsAppClone */,
				42F5BF712C9396A600DBFFBD /* Products */,
			);
			sourceTree = "<group>";
		};
		42F5BF712C9396A600DBFFBD /* Products */ = {
			isa = PBXGroup;
			children = (
				42F5BF702C9396A600DBFFBD /* WhatsAppClone.app */,
			);
			name = Products;
			sourceTree = "<group>";
		};
		42F5BF722C9396A600DBFFBD /* WhatsAppClone */ = {
			isa = PBXGroup;
			children = (
				421FF3622C98AF510003B167 /* Conversation */,
				421FF35F2C98AEB90003B167 /* Chat */,
				421FF35A2C98AE3F0003B167 /* Settings */,
				421FF3532C98ABD80003B167 /* Main */,
				421FF3592C98AE3A0003B167 /* Channels */,
				42F5BF882C9398AF00DBFFBD /* Login */,
				42F5BF892C9398B500DBFFBD /* Register */,
				424CA0E72C989EB0001B8926 /* Localizable */,
				42F5BF862C9397FC00DBFFBD /* Utils */,
				42F5BF732C9396A600DBFFBD /* WhatsAppCloneApp.swift */,
				42F5BF752C9396A600DBFFBD /* ContentView.swift */,
				42F5BF772C9396A900DBFFBD /* Assets.xcassets */,
				42F5BF792C9396A900DBFFBD /* Preview Content */,
			);
			path = WhatsAppClone;
			sourceTree = "<group>";
		};
		42F5BF792C9396A900DBFFBD /* Preview Content */ = {
			isa = PBXGroup;
			children = (
				42F5BF7A2C9396A900DBFFBD /* Preview Assets.xcassets */,
			);
			path = "Preview Content";
			sourceTree = "<group>";
		};
		42F5BF822C9397CE00DBFFBD /* View */ = {
			isa = PBXGroup;
			children = (
				42F5BF8E2C93991500DBFFBD /* RegisterView.swift */,
			);
			path = View;
			sourceTree = "<group>";
		};
		42F5BF832C9397D100DBFFBD /* Model */ = {
			isa = PBXGroup;
			children = (
			);
			path = Model;
			sourceTree = "<group>";
		};
		42F5BF842C9397D300DBFFBD /* Service */ = {
			isa = PBXGroup;
			children = (
			);
			path = Service;
			sourceTree = "<group>";
		};
		42F5BF862C9397FC00DBFFBD /* Utils */ = {
			isa = PBXGroup;
			children = (
				424CA0E42C9899BF001B8926 /* CustomView */,
				426B0CB82CB5E0A6004AD044 /* ImagePicker.swift */,
				4233BFC12CD923E1008FAAC7 /* SearchBar.swift */,
				4233BFC32CD927B1008FAAC7 /* Extensions.swift */,
			);
			path = Utils;
			sourceTree = "<group>";
		};
		42F5BF872C93981500DBFFBD /* ViewModel */ = {
			isa = PBXGroup;
			children = (
			);
			path = ViewModel;
			sourceTree = "<group>";
		};
		42F5BF882C9398AF00DBFFBD /* Login */ = {
			isa = PBXGroup;
			children = (
				42F5BF8C2C9398D800DBFFBD /* Model */,
				42F5BF8A2C9398CB00DBFFBD /* View */,
				42F5BF8D2C9398DE00DBFFBD /* ViewModel */,
				42F5BF8B2C9398D100DBFFBD /* Service */,
			);
			path = Login;
			sourceTree = "<group>";
		};
		42F5BF892C9398B500DBFFBD /* Register */ = {
			isa = PBXGroup;
			children = (
				42F5BF832C9397D100DBFFBD /* Model */,
				42F5BF822C9397CE00DBFFBD /* View */,
				42F5BF872C93981500DBFFBD /* ViewModel */,
				42F5BF842C9397D300DBFFBD /* Service */,
			);
			path = Register;
			sourceTree = "<group>";
		};
		42F5BF8A2C9398CB00DBFFBD /* View */ = {
			isa = PBXGroup;
			children = (
				42F5BF902C93992300DBFFBD /* LoginView.swift */,
			);
			path = View;
			sourceTree = "<group>";
		};
		42F5BF8B2C9398D100DBFFBD /* Service */ = {
			isa = PBXGroup;
			children = (
			);
			path = Service;
			sourceTree = "<group>";
		};
		42F5BF8C2C9398D800DBFFBD /* Model */ = {
			isa = PBXGroup;
			children = (
			);
			path = Model;
			sourceTree = "<group>";
		};
		42F5BF8D2C9398DE00DBFFBD /* ViewModel */ = {
			isa = PBXGroup;
			children = (
			);
			path = ViewModel;
			sourceTree = "<group>";
		};
/* End PBXGroup section */

/* Begin PBXNativeTarget section */
		42F5BF6F2C9396A600DBFFBD /* WhatsAppClone */ = {
			isa = PBXNativeTarget;
			buildConfigurationList = 42F5BF7E2C9396A900DBFFBD /* Build configuration list for PBXNativeTarget "WhatsAppClone" */;
			buildPhases = (
				42F5BF6C2C9396A600DBFFBD /* Sources */,
				42F5BF6D2C9396A600DBFFBD /* Frameworks */,
				42F5BF6E2C9396A600DBFFBD /* Resources */,
			);
			buildRules = (
			);
			dependencies = (
			);
			name = WhatsAppClone;
			productName = WhatsAppClone;
			productReference = 42F5BF702C9396A600DBFFBD /* WhatsAppClone.app */;
			productType = "com.apple.product-type.application";
		};
/* End PBXNativeTarget section */

/* Begin PBXProject section */
		42F5BF682C9396A600DBFFBD /* Project object */ = {
			isa = PBXProject;
			attributes = {
				BuildIndependentTargetsInParallel = 1;
				LastSwiftUpdateCheck = 1540;
				LastUpgradeCheck = 1540;
				TargetAttributes = {
					42F5BF6F2C9396A600DBFFBD = {
						CreatedOnToolsVersion = 15.4;
					};
				};
			};
			buildConfigurationList = 42F5BF6B2C9396A600DBFFBD /* Build configuration list for PBXProject "WhatsAppClone" */;
			compatibilityVersion = "Xcode 14.0";
			developmentRegion = en;
			hasScannedForEncodings = 0;
			knownRegions = (
				en,
				Base,
			);
			mainGroup = 42F5BF672C9396A600DBFFBD;
			productRefGroup = 42F5BF712C9396A600DBFFBD /* Products */;
			projectDirPath = "";
			projectRoot = "";
			targets = (
				42F5BF6F2C9396A600DBFFBD /* WhatsAppClone */,
			);
		};
/* End PBXProject section */

/* Begin PBXResourcesBuildPhase section */
		42F5BF6E2C9396A600DBFFBD /* Resources */ = {
			isa = PBXResourcesBuildPhase;
			buildActionMask = 2147483647;
			files = (
				42F5BF7B2C9396A900DBFFBD /* Preview Assets.xcassets in Resources */,
				424CA0EA2C989EC6001B8926 /* Localizable.strings in Resources */,
				42F5BF782C9396A900DBFFBD /* Assets.xcassets in Resources */,
			);
			runOnlyForDeploymentPostprocessing = 0;
		};
/* End PBXResourcesBuildPhase section */

/* Begin PBXSourcesBuildPhase section */
		42F5BF6C2C9396A600DBFFBD /* Sources */ = {
			isa = PBXSourcesBuildPhase;
			buildActionMask = 2147483647;
			files = (
				426B0CB22CB59A4E004AD044 /* UserStatus.swift in Sources */,
				4233BFCA2CD92A4A008FAAC7 /* ChatBubble.swift in Sources */,
				421FF3732C9B36300003B167 /* EditProfileView.swift in Sources */,
				421FF3672C98BDC40003B167 /* SettingsHeaderView.swift in Sources */,
				42F5BF8F2C93991500DBFFBD /* RegisterView.swift in Sources */,
				426B0CB02CB30FF0004AD044 /* StatusSelectorView.swift in Sources */,
				421FF35C2C98AE4C0003B167 /* SettingsView.swift in Sources */,
				421FF3612C98AEC50003B167 /* ChatView.swift in Sources */,
				426B0CB92CB5E0A6004AD044 /* ImagePicker.swift in Sources */,
				426D490E2CBC6C7700B5D3D4 /* ConversationCell.swift in Sources */,
				426D49102CBC710B00B5D3D4 /* NewMessageView.swift in Sources */,
				421FF36A2C98BF420003B167 /* SettingsCell.swift in Sources */,
				421FF35E2C98AE610003B167 /* ChannelsView.swift in Sources */,
				42F5BF762C9396A600DBFFBD /* ContentView.swift in Sources */,
				42F5BF912C93992300DBFFBD /* LoginView.swift in Sources */,
				42F5BF742C9396A600DBFFBD /* WhatsAppCloneApp.swift in Sources */,
				421FF36D2C98C32B0003B167 /* SettingsCellViewModel.swift in Sources */,
				4233BFC22CD923E1008FAAC7 /* SearchBar.swift in Sources */,
				4233BFCC2CD92BB1008FAAC7 /* MessageVIew.swift in Sources */,
				421FF3572C98AC190003B167 /* MainTabView.swift in Sources */,
				424CA0EC2C989F0F001B8926 /* Localizable.swift in Sources */,
				4233BFC42CD927B2008FAAC7 /* Extensions.swift in Sources */,
				421FF3642C98AF610003B167 /* ConversationView.swift in Sources */,
				426B0CB42CB5DF20004AD044 /* StatusViewModel.swift in Sources */,
				4233BFC02CD830BC008FAAC7 /* UserCell.swift in Sources */,
				424CA0E62C9899D4001B8926 /* CustomTextField.swift in Sources */,
			);
			runOnlyForDeploymentPostprocessing = 0;
		};
/* End PBXSourcesBuildPhase section */

/* Begin PBXVariantGroup section */
		424CA0E82C989EC6001B8926 /* Localizable.strings */ = {
			isa = PBXVariantGroup;
			children = (
				424CA0E92C989EC6001B8926 /* en */,
			);
			name = Localizable.strings;
			sourceTree = "<group>";
		};
/* End PBXVariantGroup section */

/* Begin XCBuildConfiguration section */
		42F5BF7C2C9396A900DBFFBD /* Debug */ = {
			isa = XCBuildConfiguration;
			buildSettings = {
				ALWAYS_SEARCH_USER_PATHS = NO;
				ASSETCATALOG_COMPILER_GENERATE_SWIFT_ASSET_SYMBOL_EXTENSIONS = YES;
				CLANG_ANALYZER_NONNULL = YES;
				CLANG_ANALYZER_NUMBER_OBJECT_CONVERSION = YES_AGGRESSIVE;
				CLANG_CXX_LANGUAGE_STANDARD = "gnu++20";
				CLANG_ENABLE_MODULES = YES;
				CLANG_ENABLE_OBJC_ARC = YES;
				CLANG_ENABLE_OBJC_WEAK = YES;
				CLANG_WARN_BLOCK_CAPTURE_AUTORELEASING = YES;
				CLANG_WARN_BOOL_CONVERSION = YES;
				CLANG_WARN_COMMA = YES;
				CLANG_WARN_CONSTANT_CONVERSION = YES;
				CLANG_WARN_DEPRECATED_OBJC_IMPLEMENTATIONS = YES;
				CLANG_WARN_DIRECT_OBJC_ISA_USAGE = YES_ERROR;
				CLANG_WARN_DOCUMENTATION_COMMENTS = YES;
				CLANG_WARN_EMPTY_BODY = YES;
				CLANG_WARN_ENUM_CONVERSION = YES;
				CLANG_WARN_INFINITE_RECURSION = YES;
				CLANG_WARN_INT_CONVERSION = YES;
				CLANG_WARN_NON_LITERAL_NULL_CONVERSION = YES;
				CLANG_WARN_OBJC_IMPLICIT_RETAIN_SELF = YES;
				CLANG_WARN_OBJC_LITERAL_CONVERSION = YES;
				CLANG_WARN_OBJC_ROOT_CLASS = YES_ERROR;
				CLANG_WARN_QUOTED_INCLUDE_IN_FRAMEWORK_HEADER = YES;
				CLANG_WARN_RANGE_LOOP_ANALYSIS = YES;
				CLANG_WARN_STRICT_PROTOTYPES = YES;
				CLANG_WARN_SUSPICIOUS_MOVE = YES;
				CLANG_WARN_UNGUARDED_AVAILABILITY = YES_AGGRESSIVE;
				CLANG_WARN_UNREACHABLE_CODE = YES;
				CLANG_WARN__DUPLICATE_METHOD_MATCH = YES;
				COPY_PHASE_STRIP = NO;
				DEBUG_INFORMATION_FORMAT = dwarf;
				ENABLE_STRICT_OBJC_MSGSEND = YES;
				ENABLE_TESTABILITY = YES;
				ENABLE_USER_SCRIPT_SANDBOXING = YES;
				GCC_C_LANGUAGE_STANDARD = gnu17;
				GCC_DYNAMIC_NO_PIC = NO;
				GCC_NO_COMMON_BLOCKS = YES;
				GCC_OPTIMIZATION_LEVEL = 0;
				GCC_PREPROCESSOR_DEFINITIONS = (
					"DEBUG=1",
					"$(inherited)",
				);
				GCC_WARN_64_TO_32_BIT_CONVERSION = YES;
				GCC_WARN_ABOUT_RETURN_TYPE = YES_ERROR;
				GCC_WARN_UNDECLARED_SELECTOR = YES;
				GCC_WARN_UNINITIALIZED_AUTOS = YES_AGGRESSIVE;
				GCC_WARN_UNUSED_FUNCTION = YES;
				GCC_WARN_UNUSED_VARIABLE = YES;
				IPHONEOS_DEPLOYMENT_TARGET = 17.5;
				LOCALIZATION_PREFERS_STRING_CATALOGS = YES;
				MTL_ENABLE_DEBUG_INFO = INCLUDE_SOURCE;
				MTL_FAST_MATH = YES;
				ONLY_ACTIVE_ARCH = YES;
				SDKROOT = iphoneos;
				SWIFT_ACTIVE_COMPILATION_CONDITIONS = "DEBUG $(inherited)";
				SWIFT_OPTIMIZATION_LEVEL = "-Onone";
			};
			name = Debug;
		};
		42F5BF7D2C9396A900DBFFBD /* Release */ = {
			isa = XCBuildConfiguration;
			buildSettings = {
				ALWAYS_SEARCH_USER_PATHS = NO;
				ASSETCATALOG_COMPILER_GENERATE_SWIFT_ASSET_SYMBOL_EXTENSIONS = YES;
				CLANG_ANALYZER_NONNULL = YES;
				CLANG_ANALYZER_NUMBER_OBJECT_CONVERSION = YES_AGGRESSIVE;
				CLANG_CXX_LANGUAGE_STANDARD = "gnu++20";
				CLANG_ENABLE_MODULES = YES;
				CLANG_ENABLE_OBJC_ARC = YES;
				CLANG_ENABLE_OBJC_WEAK = YES;
				CLANG_WARN_BLOCK_CAPTURE_AUTORELEASING = YES;
				CLANG_WARN_BOOL_CONVERSION = YES;
				CLANG_WARN_COMMA = YES;
				CLANG_WARN_CONSTANT_CONVERSION = YES;
				CLANG_WARN_DEPRECATED_OBJC_IMPLEMENTATIONS = YES;
				CLANG_WARN_DIRECT_OBJC_ISA_USAGE = YES_ERROR;
				CLANG_WARN_DOCUMENTATION_COMMENTS = YES;
				CLANG_WARN_EMPTY_BODY = YES;
				CLANG_WARN_ENUM_CONVERSION = YES;
				CLANG_WARN_INFINITE_RECURSION = YES;
				CLANG_WARN_INT_CONVERSION = YES;
				CLANG_WARN_NON_LITERAL_NULL_CONVERSION = YES;
				CLANG_WARN_OBJC_IMPLICIT_RETAIN_SELF = YES;
				CLANG_WARN_OBJC_LITERAL_CONVERSION = YES;
				CLANG_WARN_OBJC_ROOT_CLASS = YES_ERROR;
				CLANG_WARN_QUOTED_INCLUDE_IN_FRAMEWORK_HEADER = YES;
				CLANG_WARN_RANGE_LOOP_ANALYSIS = YES;
				CLANG_WARN_STRICT_PROTOTYPES = YES;
				CLANG_WARN_SUSPICIOUS_MOVE = YES;
				CLANG_WARN_UNGUARDED_AVAILABILITY = YES_AGGRESSIVE;
				CLANG_WARN_UNREACHABLE_CODE = YES;
				CLANG_WARN__DUPLICATE_METHOD_MATCH = YES;
				COPY_PHASE_STRIP = NO;
				DEBUG_INFORMATION_FORMAT = "dwarf-with-dsym";
				ENABLE_NS_ASSERTIONS = NO;
				ENABLE_STRICT_OBJC_MSGSEND = YES;
				ENABLE_USER_SCRIPT_SANDBOXING = YES;
				GCC_C_LANGUAGE_STANDARD = gnu17;
				GCC_NO_COMMON_BLOCKS = YES;
				GCC_WARN_64_TO_32_BIT_CONVERSION = YES;
				GCC_WARN_ABOUT_RETURN_TYPE = YES_ERROR;
				GCC_WARN_UNDECLARED_SELECTOR = YES;
				GCC_WARN_UNINITIALIZED_AUTOS = YES_AGGRESSIVE;
				GCC_WARN_UNUSED_FUNCTION = YES;
				GCC_WARN_UNUSED_VARIABLE = YES;
				IPHONEOS_DEPLOYMENT_TARGET = 17.5;
				LOCALIZATION_PREFERS_STRING_CATALOGS = YES;
				MTL_ENABLE_DEBUG_INFO = NO;
				MTL_FAST_MATH = YES;
				SDKROOT = iphoneos;
				SWIFT_COMPILATION_MODE = wholemodule;
				VALIDATE_PRODUCT = YES;
			};
			name = Release;
		};
		42F5BF7F2C9396A900DBFFBD /* Debug */ = {
			isa = XCBuildConfiguration;
			buildSettings = {
				ASSETCATALOG_COMPILER_APPICON_NAME = AppIcon;
				ASSETCATALOG_COMPILER_GLOBAL_ACCENT_COLOR_NAME = AccentColor;
				CODE_SIGN_STYLE = Automatic;
				CURRENT_PROJECT_VERSION = 1;
				DEVELOPMENT_ASSET_PATHS = "\"WhatsAppClone/Preview Content\"";
				DEVELOPMENT_TEAM = CTDN3273R3;
				ENABLE_PREVIEWS = YES;
				GENERATE_INFOPLIST_FILE = YES;
				INFOPLIST_KEY_UIApplicationSceneManifest_Generation = YES;
				INFOPLIST_KEY_UIApplicationSupportsIndirectInputEvents = YES;
				INFOPLIST_KEY_UILaunchScreen_Generation = YES;
				INFOPLIST_KEY_UISupportedInterfaceOrientations_iPad = "UIInterfaceOrientationPortrait UIInterfaceOrientationPortraitUpsideDown UIInterfaceOrientationLandscapeLeft UIInterfaceOrientationLandscapeRight";
				INFOPLIST_KEY_UISupportedInterfaceOrientations_iPhone = "UIInterfaceOrientationPortrait UIInterfaceOrientationLandscapeLeft UIInterfaceOrientationLandscapeRight";
				LD_RUNPATH_SEARCH_PATHS = (
					"$(inherited)",
					"@executable_path/Frameworks",
				);
				MARKETING_VERSION = 1.0;
				PRODUCT_BUNDLE_IDENTIFIER = com.br.vhenriquebm.WhatsAppClone;
				PRODUCT_NAME = "$(TARGET_NAME)";
				SWIFT_EMIT_LOC_STRINGS = YES;
				SWIFT_VERSION = 5.0;
				TARGETED_DEVICE_FAMILY = "1,2";
			};
			name = Debug;
		};
		42F5BF802C9396A900DBFFBD /* Release */ = {
			isa = XCBuildConfiguration;
			buildSettings = {
				ASSETCATALOG_COMPILER_APPICON_NAME = AppIcon;
				ASSETCATALOG_COMPILER_GLOBAL_ACCENT_COLOR_NAME = AccentColor;
				CODE_SIGN_STYLE = Automatic;
				CURRENT_PROJECT_VERSION = 1;
				DEVELOPMENT_ASSET_PATHS = "\"WhatsAppClone/Preview Content\"";
				DEVELOPMENT_TEAM = CTDN3273R3;
				ENABLE_PREVIEWS = YES;
				GENERATE_INFOPLIST_FILE = YES;
				INFOPLIST_KEY_UIApplicationSceneManifest_Generation = YES;
				INFOPLIST_KEY_UIApplicationSupportsIndirectInputEvents = YES;
				INFOPLIST_KEY_UILaunchScreen_Generation = YES;
				INFOPLIST_KEY_UISupportedInterfaceOrientations_iPad = "UIInterfaceOrientationPortrait UIInterfaceOrientationPortraitUpsideDown UIInterfaceOrientationLandscapeLeft UIInterfaceOrientationLandscapeRight";
				INFOPLIST_KEY_UISupportedInterfaceOrientations_iPhone = "UIInterfaceOrientationPortrait UIInterfaceOrientationLandscapeLeft UIInterfaceOrientationLandscapeRight";
				LD_RUNPATH_SEARCH_PATHS = (
					"$(inherited)",
					"@executable_path/Frameworks",
				);
				MARKETING_VERSION = 1.0;
				PRODUCT_BUNDLE_IDENTIFIER = com.br.vhenriquebm.WhatsAppClone;
				PRODUCT_NAME = "$(TARGET_NAME)";
				SWIFT_EMIT_LOC_STRINGS = YES;
				SWIFT_VERSION = 5.0;
				TARGETED_DEVICE_FAMILY = "1,2";
			};
			name = Release;
		};
/* End XCBuildConfiguration section */

/* Begin XCConfigurationList section */
		42F5BF6B2C9396A600DBFFBD /* Build configuration list for PBXProject "WhatsAppClone" */ = {
			isa = XCConfigurationList;
			buildConfigurations = (
				42F5BF7C2C9396A900DBFFBD /* Debug */,
				42F5BF7D2C9396A900DBFFBD /* Release */,
			);
			defaultConfigurationIsVisible = 0;
			defaultConfigurationName = Release;
		};
		42F5BF7E2C9396A900DBFFBD /* Build configuration list for PBXNativeTarget "WhatsAppClone" */ = {
			isa = XCConfigurationList;
			buildConfigurations = (
				42F5BF7F2C9396A900DBFFBD /* Debug */,
				42F5BF802C9396A900DBFFBD /* Release */,
			);
			defaultConfigurationIsVisible = 0;
			defaultConfigurationName = Release;
		};
/* End XCConfigurationList section */
	};
	rootObject = 42F5BF682C9396A600DBFFBD /* Project object */;
}
